
Microsoft Visual Studio Solution File, Format Version 12.00
# Visual Studio 15
VisualStudioVersion = 15.0.28307.1062
MinimumVisualStudioVersion = 10.0.40219.1
Project("{FAE04EC0-301F-11D3-BF4B-00C04F79EFBC}") = "Zadatak_1", "Zadatak_1\Zadatak_1.csproj", "{9B96E067-B091-439F-BCB5-D27444BE37F7}"
EndProject
Global
	GlobalSection(SolutionConfigurationPlatforms) = preSolution
		Debug|Any CPU = Debug|Any CPU
		Release|Any CPU = Release|Any CPU
	EndGlobalSection
	GlobalSection(ProjectConfigurationPlatforms) = postSolution
		{9B96E067-B091-439F-BCB5-D27444BE37F7}.Debug|Any CPU.ActiveCfg = Debug|Any CPU
		{9B96E067-B091-439F-BCB5-D27444BE37F7}.Debug|Any CPU.Build.0 = Debug|Any CPU
		{9B96E067-B091-439F-BCB5-D27444BE37F7}.Release|Any CPU.ActiveCfg = Release|Any CPU
		{9B96E067-B091-439F-BCB5-D27444BE37F7}.Release|Any CPU.Build.0 = Release|Any CPU
	EndGlobalSection
	GlobalSection(SolutionProperties) = preSolution
		HideSolutionNode = FALSE
	EndGlobalSection
	GlobalSection(ExtensibilityGlobals) = postSolution
		SolutionGuid = {CBC8C998-5A14-48FE-90BE-E573612B68FC}
	EndGlobalSection
EndGlobal
